// !$*UTF8*$!
{
	archiveVersion = 1;
	classes = {
	};
	objectVersion = 48;
	objects = {

/* Begin PBXBuildFile section */
		66FED138445065096C61D508 /* Pods_IndoorNaviTests.framework in Frameworks */ = {isa = PBXBuildFile; fileRef = 2B4DF181EE1B23D0C81FAEE0 /* Pods_IndoorNaviTests.framework */; };
		7BD4676E206CF34A00B9F2AD /* IndoorNavi.framework in Frameworks */ = {isa = PBXBuildFile; fileRef = 7BD46764206CF34A00B9F2AD /* IndoorNavi.framework */; };
		7BD46773206CF34A00B9F2AD /* IndoorNaviTests.swift in Sources */ = {isa = PBXBuildFile; fileRef = 7BD46772206CF34A00B9F2AD /* IndoorNaviTests.swift */; };
		7BD46775206CF34A00B9F2AD /* IndoorNavi.h in Headers */ = {isa = PBXBuildFile; fileRef = 7BD46767206CF34A00B9F2AD /* IndoorNavi.h */; settings = {ATTRIBUTES = (Public, ); }; };
		7BD4679D206CF59500B9F2AD /* IndoorNavi.swift in Sources */ = {isa = PBXBuildFile; fileRef = 7BD4679C206CF59500B9F2AD /* IndoorNavi.swift */; };
		7BD467E8206D0E8A00B9F2AD /* .gitignore in Resources */ = {isa = PBXBuildFile; fileRef = 7BD467A2206D0E8A00B9F2AD /* .gitignore */; };
		7BD467E9206D0E8A00B9F2AD /* jsLibraryMappings.xml in Resources */ = {isa = PBXBuildFile; fileRef = 7BD467A4206D0E8A00B9F2AD /* jsLibraryMappings.xml */; };
		7BD467EA206D0E8A00B9F2AD /* misc.xml in Resources */ = {isa = PBXBuildFile; fileRef = 7BD467A5206D0E8A00B9F2AD /* misc.xml */; };
		7BD467EB206D0E8A00B9F2AD /* modules.xml in Resources */ = {isa = PBXBuildFile; fileRef = 7BD467A6206D0E8A00B9F2AD /* modules.xml */; };
		7BD467EC206D0E8A00B9F2AD /* vcs.xml in Resources */ = {isa = PBXBuildFile; fileRef = 7BD467A7206D0E8A00B9F2AD /* vcs.xml */; };
		7BD467ED206D0E8A00B9F2AD /* Gruntfile.js in Resources */ = {isa = PBXBuildFile; fileRef = 7BD467A8206D0E8A00B9F2AD /* Gruntfile.js */; };
		7BD467EE206D0E8A00B9F2AD /* indoornavi_api.iml in Resources */ = {isa = PBXBuildFile; fileRef = 7BD467A9206D0E8A00B9F2AD /* indoornavi_api.iml */; };
		7BD467EF206D0E8A00B9F2AD /* Area.html in Resources */ = {isa = PBXBuildFile; fileRef = 7BD467AB206D0E8A00B9F2AD /* Area.html */; };
		7BD467F0206D0E8A00B9F2AD /* AreaEvent.html in Resources */ = {isa = PBXBuildFile; fileRef = 7BD467AC206D0E8A00B9F2AD /* AreaEvent.html */; };
		7BD467F1206D0E8A00B9F2AD /* Coordinates.html in Resources */ = {isa = PBXBuildFile; fileRef = 7BD467AD206D0E8A00B9F2AD /* Coordinates.html */; };
		7BD467F2206D0E8A00B9F2AD /* OpenSans-Bold-webfont.eot in Resources */ = {isa = PBXBuildFile; fileRef = 7BD467AF206D0E8A00B9F2AD /* OpenSans-Bold-webfont.eot */; };
		7BD467F3206D0E8A00B9F2AD /* OpenSans-Bold-webfont.svg in Resources */ = {isa = PBXBuildFile; fileRef = 7BD467B0206D0E8A00B9F2AD /* OpenSans-Bold-webfont.svg */; };
		7BD467F4206D0E8A00B9F2AD /* OpenSans-Bold-webfont.woff in Resources */ = {isa = PBXBuildFile; fileRef = 7BD467B1206D0E8A00B9F2AD /* OpenSans-Bold-webfont.woff */; };
		7BD467F5206D0E8A00B9F2AD /* OpenSans-BoldItalic-webfont.eot in Resources */ = {isa = PBXBuildFile; fileRef = 7BD467B2206D0E8A00B9F2AD /* OpenSans-BoldItalic-webfont.eot */; };
		7BD467F6206D0E8A00B9F2AD /* OpenSans-BoldItalic-webfont.svg in Resources */ = {isa = PBXBuildFile; fileRef = 7BD467B3206D0E8A00B9F2AD /* OpenSans-BoldItalic-webfont.svg */; };
		7BD467F7206D0E8A00B9F2AD /* OpenSans-BoldItalic-webfont.woff in Resources */ = {isa = PBXBuildFile; fileRef = 7BD467B4206D0E8A00B9F2AD /* OpenSans-BoldItalic-webfont.woff */; };
		7BD467F8206D0E8A00B9F2AD /* OpenSans-Italic-webfont.eot in Resources */ = {isa = PBXBuildFile; fileRef = 7BD467B5206D0E8A00B9F2AD /* OpenSans-Italic-webfont.eot */; };
		7BD467F9206D0E8A00B9F2AD /* OpenSans-Italic-webfont.svg in Resources */ = {isa = PBXBuildFile; fileRef = 7BD467B6206D0E8A00B9F2AD /* OpenSans-Italic-webfont.svg */; };
		7BD467FA206D0E8A00B9F2AD /* OpenSans-Italic-webfont.woff in Resources */ = {isa = PBXBuildFile; fileRef = 7BD467B7206D0E8A00B9F2AD /* OpenSans-Italic-webfont.woff */; };
		7BD467FB206D0E8A00B9F2AD /* OpenSans-Light-webfont.eot in Resources */ = {isa = PBXBuildFile; fileRef = 7BD467B8206D0E8A00B9F2AD /* OpenSans-Light-webfont.eot */; };
		7BD467FC206D0E8A00B9F2AD /* OpenSans-Light-webfont.svg in Resources */ = {isa = PBXBuildFile; fileRef = 7BD467B9206D0E8A00B9F2AD /* OpenSans-Light-webfont.svg */; };
		7BD467FD206D0E8A00B9F2AD /* OpenSans-Light-webfont.woff in Resources */ = {isa = PBXBuildFile; fileRef = 7BD467BA206D0E8A00B9F2AD /* OpenSans-Light-webfont.woff */; };
		7BD467FE206D0E8A00B9F2AD /* OpenSans-LightItalic-webfont.eot in Resources */ = {isa = PBXBuildFile; fileRef = 7BD467BB206D0E8A00B9F2AD /* OpenSans-LightItalic-webfont.eot */; };
		7BD467FF206D0E8A00B9F2AD /* OpenSans-LightItalic-webfont.svg in Resources */ = {isa = PBXBuildFile; fileRef = 7BD467BC206D0E8A00B9F2AD /* OpenSans-LightItalic-webfont.svg */; };
		7BD46800206D0E8A00B9F2AD /* OpenSans-LightItalic-webfont.woff in Resources */ = {isa = PBXBuildFile; fileRef = 7BD467BD206D0E8A00B9F2AD /* OpenSans-LightItalic-webfont.woff */; };
		7BD46801206D0E8A00B9F2AD /* OpenSans-Regular-webfont.eot in Resources */ = {isa = PBXBuildFile; fileRef = 7BD467BE206D0E8A00B9F2AD /* OpenSans-Regular-webfont.eot */; };
		7BD46802206D0E8A00B9F2AD /* OpenSans-Regular-webfont.svg in Resources */ = {isa = PBXBuildFile; fileRef = 7BD467BF206D0E8A00B9F2AD /* OpenSans-Regular-webfont.svg */; };
		7BD46803206D0E8A00B9F2AD /* OpenSans-Regular-webfont.woff in Resources */ = {isa = PBXBuildFile; fileRef = 7BD467C0206D0E8A00B9F2AD /* OpenSans-Regular-webfont.woff */; };
		7BD46804206D0E8A00B9F2AD /* Geometry.html in Resources */ = {isa = PBXBuildFile; fileRef = 7BD467C1206D0E8A00B9F2AD /* Geometry.html */; };
		7BD46805206D0E8A00B9F2AD /* index.html in Resources */ = {isa = PBXBuildFile; fileRef = 7BD467C2206D0E8A00B9F2AD /* index.html */; };
		7BD46806206D0E8A00B9F2AD /* IndoorNavi.html in Resources */ = {isa = PBXBuildFile; fileRef = 7BD467C3206D0E8A00B9F2AD /* IndoorNavi.html */; };
		7BD46807206D0E8A00B9F2AD /* indoorNavi.js.html in Resources */ = {isa = PBXBuildFile; fileRef = 7BD467C4206D0E8A00B9F2AD /* indoorNavi.js.html */; };
		7BD46808206D0E8A00B9F2AD /* Polyline.html in Resources */ = {isa = PBXBuildFile; fileRef = 7BD467C5206D0E8A00B9F2AD /* Polyline.html */; };
		7BD46809206D0E8A00B9F2AD /* Report.html in Resources */ = {isa = PBXBuildFile; fileRef = 7BD467C6206D0E8A00B9F2AD /* Report.html */; };
		7BD4680A206D0E8A00B9F2AD /* linenumber.js in Resources */ = {isa = PBXBuildFile; fileRef = 7BD467C8206D0E8A00B9F2AD /* linenumber.js */; };
		7BD4680B206D0E8A00B9F2AD /* Apache-License-2.0.txt in Resources */ = {isa = PBXBuildFile; fileRef = 7BD467CA206D0E8A00B9F2AD /* Apache-License-2.0.txt */; };
		7BD4680C206D0E8A00B9F2AD /* lang-css.js in Resources */ = {isa = PBXBuildFile; fileRef = 7BD467CB206D0E8A00B9F2AD /* lang-css.js */; };
		7BD4680D206D0E8A00B9F2AD /* prettify.js in Resources */ = {isa = PBXBuildFile; fileRef = 7BD467CC206D0E8A00B9F2AD /* prettify.js */; };
		7BD4680E206D0E8A00B9F2AD /* jsdoc-default.css in Resources */ = {isa = PBXBuildFile; fileRef = 7BD467CE206D0E8A00B9F2AD /* jsdoc-default.css */; };
		7BD4680F206D0E8A00B9F2AD /* prettify-jsdoc.css in Resources */ = {isa = PBXBuildFile; fileRef = 7BD467CF206D0E8A00B9F2AD /* prettify-jsdoc.css */; };
		7BD46810206D0E8A00B9F2AD /* prettify-tomorrow.css in Resources */ = {isa = PBXBuildFile; fileRef = 7BD467D0206D0E8A00B9F2AD /* prettify-tomorrow.css */; };
		7BD46811206D0E8A00B9F2AD /* index.html in Resources */ = {isa = PBXBuildFile; fileRef = 7BD467D2206D0E8A00B9F2AD /* index.html */; };
		7BD46812206D0E8A00B9F2AD /* indoorNavi.js in Resources */ = {isa = PBXBuildFile; fileRef = 7BD467D3206D0E8A00B9F2AD /* indoorNavi.js */; };
		7BD46813206D0E8A00B9F2AD /* indoorNavi.spec.js in Resources */ = {isa = PBXBuildFile; fileRef = 7BD467D4206D0E8A00B9F2AD /* indoorNavi.spec.js */; };
		7BD46814206D0E8A00B9F2AD /* package.json in Resources */ = {isa = PBXBuildFile; fileRef = 7BD467D5206D0E8A00B9F2AD /* package.json */; };
		7BD46815206D0E8A00B9F2AD /* README.md in Resources */ = {isa = PBXBuildFile; fileRef = 7BD467D6206D0E8A00B9F2AD /* README.md */; };
		7BD46816206D0E8A00B9F2AD /* indoornavi.spec.js in Resources */ = {isa = PBXBuildFile; fileRef = 7BD467D8206D0E8A00B9F2AD /* indoornavi.spec.js */; };
		7BD46817206D0E8A00B9F2AD /* jasmine.json in Resources */ = {isa = PBXBuildFile; fileRef = 7BD467DA206D0E8A00B9F2AD /* jasmine.json */; };
		7BD46818206D0E8A00B9F2AD /* area.js in Resources */ = {isa = PBXBuildFile; fileRef = 7BD467DC206D0E8A00B9F2AD /* area.js */; };
		7BD46819206D0E8A00B9F2AD /* geometric.js in Resources */ = {isa = PBXBuildFile; fileRef = 7BD467DD206D0E8A00B9F2AD /* geometric.js */; };
		7BD4681A206D0E8A00B9F2AD /* communication.js in Resources */ = {isa = PBXBuildFile; fileRef = 7BD467DF206D0E8A00B9F2AD /* communication.js */; };
		7BD4681B206D0E8A00B9F2AD /* dom.js in Resources */ = {isa = PBXBuildFile; fileRef = 7BD467E0206D0E8A00B9F2AD /* dom.js */; };
		7BD4681C206D0E8A00B9F2AD /* http.js in Resources */ = {isa = PBXBuildFile; fileRef = 7BD467E1206D0E8A00B9F2AD /* http.js */; };
		7BD4681D206D0E8A00B9F2AD /* indoornavi.js in Resources */ = {isa = PBXBuildFile; fileRef = 7BD467E2206D0E8A00B9F2AD /* indoornavi.js */; };
		7BD4681E206D0E8A00B9F2AD /* areaEvent.js in Resources */ = {isa = PBXBuildFile; fileRef = 7BD467E4206D0E8A00B9F2AD /* areaEvent.js */; };
		7BD4681F206D0E8A00B9F2AD /* coordinates.js in Resources */ = {isa = PBXBuildFile; fileRef = 7BD467E5206D0E8A00B9F2AD /* coordinates.js */; };
		7BD46820206D0E8A00B9F2AD /* polyline.js in Resources */ = {isa = PBXBuildFile; fileRef = 7BD467E6206D0E8A00B9F2AD /* polyline.js */; };
		7BD46821206D0E8A00B9F2AD /* report.js in Resources */ = {isa = PBXBuildFile; fileRef = 7BD467E7206D0E8A00B9F2AD /* report.js */; };
		CD62AE38094F44C9C5E7DDE3 /* Pods_IndoorNavi.framework in Frameworks */ = {isa = PBXBuildFile; fileRef = A8C5CD95C081778ADA0ED270 /* Pods_IndoorNavi.framework */; };
/* End PBXBuildFile section */

/* Begin PBXContainerItemProxy section */
		7BD4676F206CF34A00B9F2AD /* PBXContainerItemProxy */ = {
			isa = PBXContainerItemProxy;
			containerPortal = 7BD4675B206CF34A00B9F2AD /* Project object */;
			proxyType = 1;
			remoteGlobalIDString = 7BD46763206CF34A00B9F2AD;
			remoteInfo = IndoorNavi;
		};
/* End PBXContainerItemProxy section */

/* Begin PBXFileReference section */
		2B4DF181EE1B23D0C81FAEE0 /* Pods_IndoorNaviTests.framework */ = {isa = PBXFileReference; explicitFileType = wrapper.framework; includeInIndex = 0; path = Pods_IndoorNaviTests.framework; sourceTree = BUILT_PRODUCTS_DIR; };
		7BD46764206CF34A00B9F2AD /* IndoorNavi.framework */ = {isa = PBXFileReference; explicitFileType = wrapper.framework; includeInIndex = 0; path = IndoorNavi.framework; sourceTree = BUILT_PRODUCTS_DIR; };
		7BD46767206CF34A00B9F2AD /* IndoorNavi.h */ = {isa = PBXFileReference; lastKnownFileType = sourcecode.c.h; path = IndoorNavi.h; sourceTree = "<group>"; };
		7BD46768206CF34A00B9F2AD /* Info.plist */ = {isa = PBXFileReference; lastKnownFileType = text.plist.xml; path = Info.plist; sourceTree = "<group>"; };
		7BD4676D206CF34A00B9F2AD /* IndoorNaviTests.xctest */ = {isa = PBXFileReference; explicitFileType = wrapper.cfbundle; includeInIndex = 0; path = IndoorNaviTests.xctest; sourceTree = BUILT_PRODUCTS_DIR; };
		7BD46772206CF34A00B9F2AD /* IndoorNaviTests.swift */ = {isa = PBXFileReference; lastKnownFileType = sourcecode.swift; path = IndoorNaviTests.swift; sourceTree = "<group>"; };
		7BD46774206CF34A00B9F2AD /* Info.plist */ = {isa = PBXFileReference; lastKnownFileType = text.plist.xml; path = Info.plist; sourceTree = "<group>"; };
		7BD4679C206CF59500B9F2AD /* IndoorNavi.swift */ = {isa = PBXFileReference; lastKnownFileType = sourcecode.swift; path = IndoorNavi.swift; sourceTree = "<group>"; };
		7BD467A2206D0E8A00B9F2AD /* .gitignore */ = {isa = PBXFileReference; fileEncoding = 4; lastKnownFileType = text; path = .gitignore; sourceTree = "<group>"; };
		7BD467A4206D0E8A00B9F2AD /* jsLibraryMappings.xml */ = {isa = PBXFileReference; fileEncoding = 4; lastKnownFileType = text.xml; path = jsLibraryMappings.xml; sourceTree = "<group>"; };
		7BD467A5206D0E8A00B9F2AD /* misc.xml */ = {isa = PBXFileReference; fileEncoding = 4; lastKnownFileType = text.xml; path = misc.xml; sourceTree = "<group>"; };
		7BD467A6206D0E8A00B9F2AD /* modules.xml */ = {isa = PBXFileReference; fileEncoding = 4; lastKnownFileType = text.xml; path = modules.xml; sourceTree = "<group>"; };
		7BD467A7206D0E8A00B9F2AD /* vcs.xml */ = {isa = PBXFileReference; fileEncoding = 4; lastKnownFileType = text.xml; path = vcs.xml; sourceTree = "<group>"; };
		7BD467A8206D0E8A00B9F2AD /* Gruntfile.js */ = {isa = PBXFileReference; fileEncoding = 4; lastKnownFileType = sourcecode.javascript; path = Gruntfile.js; sourceTree = "<group>"; };
		7BD467A9206D0E8A00B9F2AD /* indoornavi_api.iml */ = {isa = PBXFileReference; fileEncoding = 4; lastKnownFileType = text.xml; path = indoornavi_api.iml; sourceTree = "<group>"; };
		7BD467AB206D0E8A00B9F2AD /* Area.html */ = {isa = PBXFileReference; fileEncoding = 4; lastKnownFileType = text.html; path = Area.html; sourceTree = "<group>"; };
		7BD467AC206D0E8A00B9F2AD /* AreaEvent.html */ = {isa = PBXFileReference; fileEncoding = 4; lastKnownFileType = text.html; path = AreaEvent.html; sourceTree = "<group>"; };
		7BD467AD206D0E8A00B9F2AD /* Coordinates.html */ = {isa = PBXFileReference; fileEncoding = 4; lastKnownFileType = text.html; path = Coordinates.html; sourceTree = "<group>"; };
		7BD467AF206D0E8A00B9F2AD /* OpenSans-Bold-webfont.eot */ = {isa = PBXFileReference; lastKnownFileType = file; path = "OpenSans-Bold-webfont.eot"; sourceTree = "<group>"; };
		7BD467B0206D0E8A00B9F2AD /* OpenSans-Bold-webfont.svg */ = {isa = PBXFileReference; fileEncoding = 4; lastKnownFileType = text.xml; path = "OpenSans-Bold-webfont.svg"; sourceTree = "<group>"; };
		7BD467B1206D0E8A00B9F2AD /* OpenSans-Bold-webfont.woff */ = {isa = PBXFileReference; lastKnownFileType = file; path = "OpenSans-Bold-webfont.woff"; sourceTree = "<group>"; };
		7BD467B2206D0E8A00B9F2AD /* OpenSans-BoldItalic-webfont.eot */ = {isa = PBXFileReference; lastKnownFileType = file; path = "OpenSans-BoldItalic-webfont.eot"; sourceTree = "<group>"; };
		7BD467B3206D0E8A00B9F2AD /* OpenSans-BoldItalic-webfont.svg */ = {isa = PBXFileReference; fileEncoding = 4; lastKnownFileType = text.xml; path = "OpenSans-BoldItalic-webfont.svg"; sourceTree = "<group>"; };
		7BD467B4206D0E8A00B9F2AD /* OpenSans-BoldItalic-webfont.woff */ = {isa = PBXFileReference; lastKnownFileType = file; path = "OpenSans-BoldItalic-webfont.woff"; sourceTree = "<group>"; };
		7BD467B5206D0E8A00B9F2AD /* OpenSans-Italic-webfont.eot */ = {isa = PBXFileReference; lastKnownFileType = file; path = "OpenSans-Italic-webfont.eot"; sourceTree = "<group>"; };
		7BD467B6206D0E8A00B9F2AD /* OpenSans-Italic-webfont.svg */ = {isa = PBXFileReference; fileEncoding = 4; lastKnownFileType = text.xml; path = "OpenSans-Italic-webfont.svg"; sourceTree = "<group>"; };
		7BD467B7206D0E8A00B9F2AD /* OpenSans-Italic-webfont.woff */ = {isa = PBXFileReference; lastKnownFileType = file; path = "OpenSans-Italic-webfont.woff"; sourceTree = "<group>"; };
		7BD467B8206D0E8A00B9F2AD /* OpenSans-Light-webfont.eot */ = {isa = PBXFileReference; lastKnownFileType = file; path = "OpenSans-Light-webfont.eot"; sourceTree = "<group>"; };
		7BD467B9206D0E8A00B9F2AD /* OpenSans-Light-webfont.svg */ = {isa = PBXFileReference; fileEncoding = 4; lastKnownFileType = text.xml; path = "OpenSans-Light-webfont.svg"; sourceTree = "<group>"; };
		7BD467BA206D0E8A00B9F2AD /* OpenSans-Light-webfont.woff */ = {isa = PBXFileReference; lastKnownFileType = file; path = "OpenSans-Light-webfont.woff"; sourceTree = "<group>"; };
		7BD467BB206D0E8A00B9F2AD /* OpenSans-LightItalic-webfont.eot */ = {isa = PBXFileReference; lastKnownFileType = file; path = "OpenSans-LightItalic-webfont.eot"; sourceTree = "<group>"; };
		7BD467BC206D0E8A00B9F2AD /* OpenSans-LightItalic-webfont.svg */ = {isa = PBXFileReference; fileEncoding = 4; lastKnownFileType = text.xml; path = "OpenSans-LightItalic-webfont.svg"; sourceTree = "<group>"; };
		7BD467BD206D0E8A00B9F2AD /* OpenSans-LightItalic-webfont.woff */ = {isa = PBXFileReference; lastKnownFileType = file; path = "OpenSans-LightItalic-webfont.woff"; sourceTree = "<group>"; };
		7BD467BE206D0E8A00B9F2AD /* OpenSans-Regular-webfont.eot */ = {isa = PBXFileReference; lastKnownFileType = file; path = "OpenSans-Regular-webfont.eot"; sourceTree = "<group>"; };
		7BD467BF206D0E8A00B9F2AD /* OpenSans-Regular-webfont.svg */ = {isa = PBXFileReference; fileEncoding = 4; lastKnownFileType = text.xml; path = "OpenSans-Regular-webfont.svg"; sourceTree = "<group>"; };
		7BD467C0206D0E8A00B9F2AD /* OpenSans-Regular-webfont.woff */ = {isa = PBXFileReference; lastKnownFileType = file; path = "OpenSans-Regular-webfont.woff"; sourceTree = "<group>"; };
		7BD467C1206D0E8A00B9F2AD /* Geometry.html */ = {isa = PBXFileReference; fileEncoding = 4; lastKnownFileType = text.html; path = Geometry.html; sourceTree = "<group>"; };
		7BD467C2206D0E8A00B9F2AD /* index.html */ = {isa = PBXFileReference; fileEncoding = 4; lastKnownFileType = text.html; path = index.html; sourceTree = "<group>"; };
		7BD467C3206D0E8A00B9F2AD /* IndoorNavi.html */ = {isa = PBXFileReference; fileEncoding = 4; lastKnownFileType = text.html; path = IndoorNavi.html; sourceTree = "<group>"; };
		7BD467C4206D0E8A00B9F2AD /* indoorNavi.js.html */ = {isa = PBXFileReference; fileEncoding = 4; lastKnownFileType = text.html; path = indoorNavi.js.html; sourceTree = "<group>"; };
		7BD467C5206D0E8A00B9F2AD /* Polyline.html */ = {isa = PBXFileReference; fileEncoding = 4; lastKnownFileType = text.html; path = Polyline.html; sourceTree = "<group>"; };
		7BD467C6206D0E8A00B9F2AD /* Report.html */ = {isa = PBXFileReference; fileEncoding = 4; lastKnownFileType = text.html; path = Report.html; sourceTree = "<group>"; };
		7BD467C8206D0E8A00B9F2AD /* linenumber.js */ = {isa = PBXFileReference; fileEncoding = 4; lastKnownFileType = sourcecode.javascript; path = linenumber.js; sourceTree = "<group>"; };
		7BD467CA206D0E8A00B9F2AD /* Apache-License-2.0.txt */ = {isa = PBXFileReference; fileEncoding = 4; lastKnownFileType = text; path = "Apache-License-2.0.txt"; sourceTree = "<group>"; };
		7BD467CB206D0E8A00B9F2AD /* lang-css.js */ = {isa = PBXFileReference; fileEncoding = 4; lastKnownFileType = sourcecode.javascript; path = "lang-css.js"; sourceTree = "<group>"; };
		7BD467CC206D0E8A00B9F2AD /* prettify.js */ = {isa = PBXFileReference; fileEncoding = 4; lastKnownFileType = sourcecode.javascript; path = prettify.js; sourceTree = "<group>"; };
		7BD467CE206D0E8A00B9F2AD /* jsdoc-default.css */ = {isa = PBXFileReference; fileEncoding = 4; lastKnownFileType = text.css; path = "jsdoc-default.css"; sourceTree = "<group>"; };
		7BD467CF206D0E8A00B9F2AD /* prettify-jsdoc.css */ = {isa = PBXFileReference; fileEncoding = 4; lastKnownFileType = text.css; path = "prettify-jsdoc.css"; sourceTree = "<group>"; };
		7BD467D0206D0E8A00B9F2AD /* prettify-tomorrow.css */ = {isa = PBXFileReference; fileEncoding = 4; lastKnownFileType = text.css; path = "prettify-tomorrow.css"; sourceTree = "<group>"; };
		7BD467D2206D0E8A00B9F2AD /* index.html */ = {isa = PBXFileReference; fileEncoding = 4; lastKnownFileType = text.html; path = index.html; sourceTree = "<group>"; };
		7BD467D3206D0E8A00B9F2AD /* indoorNavi.js */ = {isa = PBXFileReference; fileEncoding = 4; lastKnownFileType = sourcecode.javascript; path = indoorNavi.js; sourceTree = "<group>"; };
		7BD467D4206D0E8A00B9F2AD /* indoorNavi.spec.js */ = {isa = PBXFileReference; fileEncoding = 4; lastKnownFileType = sourcecode.javascript; path = indoorNavi.spec.js; sourceTree = "<group>"; };
		7BD467D5206D0E8A00B9F2AD /* package.json */ = {isa = PBXFileReference; fileEncoding = 4; lastKnownFileType = text.json; path = package.json; sourceTree = "<group>"; };
		7BD467D6206D0E8A00B9F2AD /* README.md */ = {isa = PBXFileReference; fileEncoding = 4; lastKnownFileType = net.daringfireball.markdown; path = README.md; sourceTree = "<group>"; };
		7BD467D8206D0E8A00B9F2AD /* indoornavi.spec.js */ = {isa = PBXFileReference; fileEncoding = 4; lastKnownFileType = sourcecode.javascript; path = indoornavi.spec.js; sourceTree = "<group>"; };
		7BD467DA206D0E8A00B9F2AD /* jasmine.json */ = {isa = PBXFileReference; fileEncoding = 4; lastKnownFileType = text.json; path = jasmine.json; sourceTree = "<group>"; };
		7BD467DC206D0E8A00B9F2AD /* area.js */ = {isa = PBXFileReference; fileEncoding = 4; lastKnownFileType = sourcecode.javascript; path = area.js; sourceTree = "<group>"; };
		7BD467DD206D0E8A00B9F2AD /* geometric.js */ = {isa = PBXFileReference; fileEncoding = 4; lastKnownFileType = sourcecode.javascript; path = geometric.js; sourceTree = "<group>"; };
		7BD467DF206D0E8A00B9F2AD /* communication.js */ = {isa = PBXFileReference; fileEncoding = 4; lastKnownFileType = sourcecode.javascript; path = communication.js; sourceTree = "<group>"; };
		7BD467E0206D0E8A00B9F2AD /* dom.js */ = {isa = PBXFileReference; fileEncoding = 4; lastKnownFileType = sourcecode.javascript; path = dom.js; sourceTree = "<group>"; };
		7BD467E1206D0E8A00B9F2AD /* http.js */ = {isa = PBXFileReference; fileEncoding = 4; lastKnownFileType = sourcecode.javascript; path = http.js; sourceTree = "<group>"; };
		7BD467E2206D0E8A00B9F2AD /* indoornavi.js */ = {isa = PBXFileReference; fileEncoding = 4; lastKnownFileType = sourcecode.javascript; path = indoornavi.js; sourceTree = "<group>"; };
		7BD467E4206D0E8A00B9F2AD /* areaEvent.js */ = {isa = PBXFileReference; fileEncoding = 4; lastKnownFileType = sourcecode.javascript; path = areaEvent.js; sourceTree = "<group>"; };
		7BD467E5206D0E8A00B9F2AD /* coordinates.js */ = {isa = PBXFileReference; fileEncoding = 4; lastKnownFileType = sourcecode.javascript; path = coordinates.js; sourceTree = "<group>"; };
		7BD467E6206D0E8A00B9F2AD /* polyline.js */ = {isa = PBXFileReference; fileEncoding = 4; lastKnownFileType = sourcecode.javascript; path = polyline.js; sourceTree = "<group>"; };
		7BD467E7206D0E8A00B9F2AD /* report.js */ = {isa = PBXFileReference; fileEncoding = 4; lastKnownFileType = sourcecode.javascript; path = report.js; sourceTree = "<group>"; };
		7C0FCB942B663F100F26A53A /* Pods-IndoorNavi.debug.xcconfig */ = {isa = PBXFileReference; includeInIndex = 1; lastKnownFileType = text.xcconfig; name = "Pods-IndoorNavi.debug.xcconfig"; path = "Pods/Target Support Files/Pods-IndoorNavi/Pods-IndoorNavi.debug.xcconfig"; sourceTree = "<group>"; };
		874219EFD7BB7C3FC2480821 /* Pods-IndoorNavi.release.xcconfig */ = {isa = PBXFileReference; includeInIndex = 1; lastKnownFileType = text.xcconfig; name = "Pods-IndoorNavi.release.xcconfig"; path = "Pods/Target Support Files/Pods-IndoorNavi/Pods-IndoorNavi.release.xcconfig"; sourceTree = "<group>"; };
		927E341C05271CA85EA9D3A1 /* Pods-IndoorNaviTests.debug.xcconfig */ = {isa = PBXFileReference; includeInIndex = 1; lastKnownFileType = text.xcconfig; name = "Pods-IndoorNaviTests.debug.xcconfig"; path = "Pods/Target Support Files/Pods-IndoorNaviTests/Pods-IndoorNaviTests.debug.xcconfig"; sourceTree = "<group>"; };
		A8C5CD95C081778ADA0ED270 /* Pods_IndoorNavi.framework */ = {isa = PBXFileReference; explicitFileType = wrapper.framework; includeInIndex = 0; path = Pods_IndoorNavi.framework; sourceTree = BUILT_PRODUCTS_DIR; };
		D1546D1EBB55FA9CC9122AA2 /* Pods-IndoorNaviTests.release.xcconfig */ = {isa = PBXFileReference; includeInIndex = 1; lastKnownFileType = text.xcconfig; name = "Pods-IndoorNaviTests.release.xcconfig"; path = "Pods/Target Support Files/Pods-IndoorNaviTests/Pods-IndoorNaviTests.release.xcconfig"; sourceTree = "<group>"; };
/* End PBXFileReference section */

/* Begin PBXFrameworksBuildPhase section */
		7BD46760206CF34A00B9F2AD /* Frameworks */ = {
			isa = PBXFrameworksBuildPhase;
			buildActionMask = 2147483647;
			files = (
				CD62AE38094F44C9C5E7DDE3 /* Pods_IndoorNavi.framework in Frameworks */,
			);
			runOnlyForDeploymentPostprocessing = 0;
		};
		7BD4676A206CF34A00B9F2AD /* Frameworks */ = {
			isa = PBXFrameworksBuildPhase;
			buildActionMask = 2147483647;
			files = (
				7BD4676E206CF34A00B9F2AD /* IndoorNavi.framework in Frameworks */,
				66FED138445065096C61D508 /* Pods_IndoorNaviTests.framework in Frameworks */,
			);
			runOnlyForDeploymentPostprocessing = 0;
		};
/* End PBXFrameworksBuildPhase section */

/* Begin PBXGroup section */
		0266F112A41356343CFB6618 /* Frameworks */ = {
			isa = PBXGroup;
			children = (
				A8C5CD95C081778ADA0ED270 /* Pods_IndoorNavi.framework */,
				2B4DF181EE1B23D0C81FAEE0 /* Pods_IndoorNaviTests.framework */,
			);
			name = Frameworks;
			sourceTree = "<group>";
		};
		7BD4675A206CF34A00B9F2AD = {
			isa = PBXGroup;
			children = (
				7BD46766206CF34A00B9F2AD /* IndoorNavi */,
				7BD46771206CF34A00B9F2AD /* IndoorNaviTests */,
				7BD46765206CF34A00B9F2AD /* Products */,
				C850BAD938FC692A5A2EBFCE /* Pods */,
				0266F112A41356343CFB6618 /* Frameworks */,
			);
			sourceTree = "<group>";
		};
		7BD46765206CF34A00B9F2AD /* Products */ = {
			isa = PBXGroup;
			children = (
				7BD46764206CF34A00B9F2AD /* IndoorNavi.framework */,
				7BD4676D206CF34A00B9F2AD /* IndoorNaviTests.xctest */,
			);
			name = Products;
			sourceTree = "<group>";
		};
		7BD46766206CF34A00B9F2AD /* IndoorNavi */ = {
			isa = PBXGroup;
			children = (
				7BD467A1206D0E8A00B9F2AD /* javascript-api */,
				7BD46767206CF34A00B9F2AD /* IndoorNavi.h */,
				7BD46768206CF34A00B9F2AD /* Info.plist */,
				7BD4679C206CF59500B9F2AD /* IndoorNavi.swift */,
			);
			path = IndoorNavi;
			sourceTree = "<group>";
		};
		7BD46771206CF34A00B9F2AD /* IndoorNaviTests */ = {
			isa = PBXGroup;
			children = (
				7BD46772206CF34A00B9F2AD /* IndoorNaviTests.swift */,
				7BD46774206CF34A00B9F2AD /* Info.plist */,
			);
			path = IndoorNaviTests;
			sourceTree = "<group>";
		};
		7BD467A1206D0E8A00B9F2AD /* javascript-api */ = {
			isa = PBXGroup;
			children = (
				7BD467A2206D0E8A00B9F2AD /* .gitignore */,
				7BD467A3206D0E8A00B9F2AD /* .idea */,
				7BD467A8206D0E8A00B9F2AD /* Gruntfile.js */,
				7BD467A9206D0E8A00B9F2AD /* indoornavi_api.iml */,
				7BD467AA206D0E8A00B9F2AD /* out */,
				7BD467D1206D0E8A00B9F2AD /* output */,
				7BD467D5206D0E8A00B9F2AD /* package.json */,
				7BD467D6206D0E8A00B9F2AD /* README.md */,
				7BD467D7206D0E8A00B9F2AD /* spec */,
				7BD467DB206D0E8A00B9F2AD /* src */,
			);
			path = "javascript-api";
			sourceTree = "<group>";
		};
		7BD467A3206D0E8A00B9F2AD /* .idea */ = {
			isa = PBXGroup;
			children = (
				7BD467A4206D0E8A00B9F2AD /* jsLibraryMappings.xml */,
				7BD467A5206D0E8A00B9F2AD /* misc.xml */,
				7BD467A6206D0E8A00B9F2AD /* modules.xml */,
				7BD467A7206D0E8A00B9F2AD /* vcs.xml */,
			);
			path = .idea;
			sourceTree = "<group>";
		};
		7BD467AA206D0E8A00B9F2AD /* out */ = {
			isa = PBXGroup;
			children = (
				7BD467AB206D0E8A00B9F2AD /* Area.html */,
				7BD467AC206D0E8A00B9F2AD /* AreaEvent.html */,
				7BD467AD206D0E8A00B9F2AD /* Coordinates.html */,
				7BD467AE206D0E8A00B9F2AD /* fonts */,
				7BD467C1206D0E8A00B9F2AD /* Geometry.html */,
				7BD467C2206D0E8A00B9F2AD /* index.html */,
				7BD467C3206D0E8A00B9F2AD /* IndoorNavi.html */,
				7BD467C4206D0E8A00B9F2AD /* indoorNavi.js.html */,
				7BD467C5206D0E8A00B9F2AD /* Polyline.html */,
				7BD467C6206D0E8A00B9F2AD /* Report.html */,
				7BD467C7206D0E8A00B9F2AD /* scripts */,
				7BD467CD206D0E8A00B9F2AD /* styles */,
			);
			path = out;
			sourceTree = "<group>";
		};
		7BD467AE206D0E8A00B9F2AD /* fonts */ = {
			isa = PBXGroup;
			children = (
				7BD467AF206D0E8A00B9F2AD /* OpenSans-Bold-webfont.eot */,
				7BD467B0206D0E8A00B9F2AD /* OpenSans-Bold-webfont.svg */,
				7BD467B1206D0E8A00B9F2AD /* OpenSans-Bold-webfont.woff */,
				7BD467B2206D0E8A00B9F2AD /* OpenSans-BoldItalic-webfont.eot */,
				7BD467B3206D0E8A00B9F2AD /* OpenSans-BoldItalic-webfont.svg */,
				7BD467B4206D0E8A00B9F2AD /* OpenSans-BoldItalic-webfont.woff */,
				7BD467B5206D0E8A00B9F2AD /* OpenSans-Italic-webfont.eot */,
				7BD467B6206D0E8A00B9F2AD /* OpenSans-Italic-webfont.svg */,
				7BD467B7206D0E8A00B9F2AD /* OpenSans-Italic-webfont.woff */,
				7BD467B8206D0E8A00B9F2AD /* OpenSans-Light-webfont.eot */,
				7BD467B9206D0E8A00B9F2AD /* OpenSans-Light-webfont.svg */,
				7BD467BA206D0E8A00B9F2AD /* OpenSans-Light-webfont.woff */,
				7BD467BB206D0E8A00B9F2AD /* OpenSans-LightItalic-webfont.eot */,
				7BD467BC206D0E8A00B9F2AD /* OpenSans-LightItalic-webfont.svg */,
				7BD467BD206D0E8A00B9F2AD /* OpenSans-LightItalic-webfont.woff */,
				7BD467BE206D0E8A00B9F2AD /* OpenSans-Regular-webfont.eot */,
				7BD467BF206D0E8A00B9F2AD /* OpenSans-Regular-webfont.svg */,
				7BD467C0206D0E8A00B9F2AD /* OpenSans-Regular-webfont.woff */,
			);
			path = fonts;
			sourceTree = "<group>";
		};
		7BD467C7206D0E8A00B9F2AD /* scripts */ = {
			isa = PBXGroup;
			children = (
				7BD467C8206D0E8A00B9F2AD /* linenumber.js */,
				7BD467C9206D0E8A00B9F2AD /* prettify */,
			);
			path = scripts;
			sourceTree = "<group>";
		};
		7BD467C9206D0E8A00B9F2AD /* prettify */ = {
			isa = PBXGroup;
			children = (
				7BD467CA206D0E8A00B9F2AD /* Apache-License-2.0.txt */,
				7BD467CB206D0E8A00B9F2AD /* lang-css.js */,
				7BD467CC206D0E8A00B9F2AD /* prettify.js */,
			);
			path = prettify;
			sourceTree = "<group>";
		};
		7BD467CD206D0E8A00B9F2AD /* styles */ = {
			isa = PBXGroup;
			children = (
				7BD467CE206D0E8A00B9F2AD /* jsdoc-default.css */,
				7BD467CF206D0E8A00B9F2AD /* prettify-jsdoc.css */,
				7BD467D0206D0E8A00B9F2AD /* prettify-tomorrow.css */,
			);
			path = styles;
			sourceTree = "<group>";
		};
		7BD467D1206D0E8A00B9F2AD /* output */ = {
			isa = PBXGroup;
			children = (
				7BD467D2206D0E8A00B9F2AD /* index.html */,
				7BD467D3206D0E8A00B9F2AD /* indoorNavi.js */,
				7BD467D4206D0E8A00B9F2AD /* indoorNavi.spec.js */,
			);
			path = output;
			sourceTree = "<group>";
		};
		7BD467D7206D0E8A00B9F2AD /* spec */ = {
			isa = PBXGroup;
			children = (
				7BD467D8206D0E8A00B9F2AD /* indoornavi.spec.js */,
				7BD467D9206D0E8A00B9F2AD /* support */,
			);
			path = spec;
			sourceTree = "<group>";
		};
		7BD467D9206D0E8A00B9F2AD /* support */ = {
			isa = PBXGroup;
			children = (
				7BD467DA206D0E8A00B9F2AD /* jasmine.json */,
			);
			path = support;
			sourceTree = "<group>";
		};
		7BD467DB206D0E8A00B9F2AD /* src */ = {
			isa = PBXGroup;
			children = (
				7BD467DC206D0E8A00B9F2AD /* area.js */,
				7BD467DD206D0E8A00B9F2AD /* geometric.js */,
				7BD467DE206D0E8A00B9F2AD /* helper */,
				7BD467E2206D0E8A00B9F2AD /* indoornavi.js */,
				7BD467E3206D0E8A00B9F2AD /* model */,
				7BD467E6206D0E8A00B9F2AD /* polyline.js */,
				7BD467E7206D0E8A00B9F2AD /* report.js */,
			);
			path = src;
			sourceTree = "<group>";
		};
		7BD467DE206D0E8A00B9F2AD /* helper */ = {
			isa = PBXGroup;
			children = (
				7BD467DF206D0E8A00B9F2AD /* communication.js */,
				7BD467E0206D0E8A00B9F2AD /* dom.js */,
				7BD467E1206D0E8A00B9F2AD /* http.js */,
			);
			path = helper;
			sourceTree = "<group>";
		};
		7BD467E3206D0E8A00B9F2AD /* model */ = {
			isa = PBXGroup;
			children = (
				7BD467E4206D0E8A00B9F2AD /* areaEvent.js */,
				7BD467E5206D0E8A00B9F2AD /* coordinates.js */,
			);
			path = model;
			sourceTree = "<group>";
		};
		C850BAD938FC692A5A2EBFCE /* Pods */ = {
			isa = PBXGroup;
			children = (
				7C0FCB942B663F100F26A53A /* Pods-IndoorNavi.debug.xcconfig */,
				874219EFD7BB7C3FC2480821 /* Pods-IndoorNavi.release.xcconfig */,
				927E341C05271CA85EA9D3A1 /* Pods-IndoorNaviTests.debug.xcconfig */,
				D1546D1EBB55FA9CC9122AA2 /* Pods-IndoorNaviTests.release.xcconfig */,
			);
			name = Pods;
			sourceTree = "<group>";
		};
/* End PBXGroup section */

/* Begin PBXHeadersBuildPhase section */
		7BD46761206CF34A00B9F2AD /* Headers */ = {
			isa = PBXHeadersBuildPhase;
			buildActionMask = 2147483647;
			files = (
				7BD46775206CF34A00B9F2AD /* IndoorNavi.h in Headers */,
			);
			runOnlyForDeploymentPostprocessing = 0;
		};
/* End PBXHeadersBuildPhase section */

/* Begin PBXNativeTarget section */
		7BD46763206CF34A00B9F2AD /* IndoorNavi */ = {
			isa = PBXNativeTarget;
			buildConfigurationList = 7BD46778206CF34A00B9F2AD /* Build configuration list for PBXNativeTarget "IndoorNavi" */;
			buildPhases = (
				2659A636D4B57A4E3AE27AAF /* [CP] Check Pods Manifest.lock */,
				7BD4675F206CF34A00B9F2AD /* Sources */,
				7BD46760206CF34A00B9F2AD /* Frameworks */,
				7BD46761206CF34A00B9F2AD /* Headers */,
				7BD46762206CF34A00B9F2AD /* Resources */,
				9BB7CDC088B48F7213C4A8C1 /* [CP] Copy Pods Resources */,
			);
			buildRules = (
			);
			dependencies = (
			);
			name = IndoorNavi;
			productName = IndoorNavi;
			productReference = 7BD46764206CF34A00B9F2AD /* IndoorNavi.framework */;
			productType = "com.apple.product-type.framework";
		};
		7BD4676C206CF34A00B9F2AD /* IndoorNaviTests */ = {
			isa = PBXNativeTarget;
			buildConfigurationList = 7BD4677B206CF34A00B9F2AD /* Build configuration list for PBXNativeTarget "IndoorNaviTests" */;
			buildPhases = (
				F940D1EFC4B41BC1059E9C46 /* [CP] Check Pods Manifest.lock */,
				7BD46769206CF34A00B9F2AD /* Sources */,
				7BD4676A206CF34A00B9F2AD /* Frameworks */,
				7BD4676B206CF34A00B9F2AD /* Resources */,
				38915DF8DE059FCC9A71BF01 /* [CP] Embed Pods Frameworks */,
				A439F9E6687D512E499D36F3 /* [CP] Copy Pods Resources */,
			);
			buildRules = (
			);
			dependencies = (
				7BD46770206CF34A00B9F2AD /* PBXTargetDependency */,
			);
			name = IndoorNaviTests;
			productName = IndoorNaviTests;
			productReference = 7BD4676D206CF34A00B9F2AD /* IndoorNaviTests.xctest */;
			productType = "com.apple.product-type.bundle.unit-test";
		};
/* End PBXNativeTarget section */

/* Begin PBXProject section */
		7BD4675B206CF34A00B9F2AD /* Project object */ = {
			isa = PBXProject;
			attributes = {
				LastSwiftUpdateCheck = 0920;
				LastUpgradeCheck = 0920;
				ORGANIZATIONNAME = BlastLab;
				TargetAttributes = {
					7BD46763206CF34A00B9F2AD = {
						CreatedOnToolsVersion = 9.2;
						LastSwiftMigration = 0920;
						ProvisioningStyle = Automatic;
					};
					7BD4676C206CF34A00B9F2AD = {
						CreatedOnToolsVersion = 9.2;
						ProvisioningStyle = Automatic;
					};
				};
			};
			buildConfigurationList = 7BD4675E206CF34A00B9F2AD /* Build configuration list for PBXProject "IndoorNavi" */;
			compatibilityVersion = "Xcode 8.0";
			developmentRegion = en;
			hasScannedForEncodings = 0;
			knownRegions = (
				en,
			);
			mainGroup = 7BD4675A206CF34A00B9F2AD;
			productRefGroup = 7BD46765206CF34A00B9F2AD /* Products */;
			projectDirPath = "";
			projectRoot = "";
			targets = (
				7BD46763206CF34A00B9F2AD /* IndoorNavi */,
				7BD4676C206CF34A00B9F2AD /* IndoorNaviTests */,
			);
		};
/* End PBXProject section */

/* Begin PBXResourcesBuildPhase section */
		7BD46762206CF34A00B9F2AD /* Resources */ = {
			isa = PBXResourcesBuildPhase;
			buildActionMask = 2147483647;
			files = (
				7BD467FC206D0E8A00B9F2AD /* OpenSans-Light-webfont.svg in Resources */,
				7BD467F0206D0E8A00B9F2AD /* AreaEvent.html in Resources */,
				7BD46806206D0E8A00B9F2AD /* IndoorNavi.html in Resources */,
				7BD4680D206D0E8A00B9F2AD /* prettify.js in Resources */,
				7BD46819206D0E8A00B9F2AD /* geometric.js in Resources */,
				7BD4680B206D0E8A00B9F2AD /* Apache-License-2.0.txt in Resources */,
				7BD467EA206D0E8A00B9F2AD /* misc.xml in Resources */,
				7BD46816206D0E8A00B9F2AD /* indoornavi.spec.js in Resources */,
				7BD46821206D0E8A00B9F2AD /* report.js in Resources */,
				7BD4681C206D0E8A00B9F2AD /* http.js in Resources */,
				7BD467FD206D0E8A00B9F2AD /* OpenSans-Light-webfont.woff in Resources */,
				7BD467FA206D0E8A00B9F2AD /* OpenSans-Italic-webfont.woff in Resources */,
				7BD46815206D0E8A00B9F2AD /* README.md in Resources */,
				7BD46818206D0E8A00B9F2AD /* area.js in Resources */,
				7BD467EC206D0E8A00B9F2AD /* vcs.xml in Resources */,
				7BD4681B206D0E8A00B9F2AD /* dom.js in Resources */,
				7BD46801206D0E8A00B9F2AD /* OpenSans-Regular-webfont.eot in Resources */,
				7BD467E8206D0E8A00B9F2AD /* .gitignore in Resources */,
				7BD467F5206D0E8A00B9F2AD /* OpenSans-BoldItalic-webfont.eot in Resources */,
				7BD467F1206D0E8A00B9F2AD /* Coordinates.html in Resources */,
				7BD46808206D0E8A00B9F2AD /* Polyline.html in Resources */,
				7BD467F6206D0E8A00B9F2AD /* OpenSans-BoldItalic-webfont.svg in Resources */,
				7BD4680E206D0E8A00B9F2AD /* jsdoc-default.css in Resources */,
				7BD4680F206D0E8A00B9F2AD /* prettify-jsdoc.css in Resources */,
				7BD467F4206D0E8A00B9F2AD /* OpenSans-Bold-webfont.woff in Resources */,
				7BD46809206D0E8A00B9F2AD /* Report.html in Resources */,
				7BD4681A206D0E8A00B9F2AD /* communication.js in Resources */,
				7BD467ED206D0E8A00B9F2AD /* Gruntfile.js in Resources */,
				7BD46803206D0E8A00B9F2AD /* OpenSans-Regular-webfont.woff in Resources */,
				7BD46811206D0E8A00B9F2AD /* index.html in Resources */,
				7BD467FB206D0E8A00B9F2AD /* OpenSans-Light-webfont.eot in Resources */,
				7BD46805206D0E8A00B9F2AD /* index.html in Resources */,
				7BD467F3206D0E8A00B9F2AD /* OpenSans-Bold-webfont.svg in Resources */,
				7BD46817206D0E8A00B9F2AD /* jasmine.json in Resources */,
				7BD46802206D0E8A00B9F2AD /* OpenSans-Regular-webfont.svg in Resources */,
				7BD467F7206D0E8A00B9F2AD /* OpenSans-BoldItalic-webfont.woff in Resources */,
				7BD46820206D0E8A00B9F2AD /* polyline.js in Resources */,
				7BD46813206D0E8A00B9F2AD /* indoorNavi.spec.js in Resources */,
				7BD46812206D0E8A00B9F2AD /* indoorNavi.js in Resources */,
				7BD46814206D0E8A00B9F2AD /* package.json in Resources */,
				7BD4680C206D0E8A00B9F2AD /* lang-css.js in Resources */,
				7BD4681E206D0E8A00B9F2AD /* areaEvent.js in Resources */,
				7BD46804206D0E8A00B9F2AD /* Geometry.html in Resources */,
				7BD467E9206D0E8A00B9F2AD /* jsLibraryMappings.xml in Resources */,
				7BD467F8206D0E8A00B9F2AD /* OpenSans-Italic-webfont.eot in Resources */,
				7BD467FE206D0E8A00B9F2AD /* OpenSans-LightItalic-webfont.eot in Resources */,
				7BD467F9206D0E8A00B9F2AD /* OpenSans-Italic-webfont.svg in Resources */,
				7BD46810206D0E8A00B9F2AD /* prettify-tomorrow.css in Resources */,
				7BD46807206D0E8A00B9F2AD /* indoorNavi.js.html in Resources */,
				7BD4680A206D0E8A00B9F2AD /* linenumber.js in Resources */,
				7BD467F2206D0E8A00B9F2AD /* OpenSans-Bold-webfont.eot in Resources */,
				7BD467FF206D0E8A00B9F2AD /* OpenSans-LightItalic-webfont.svg in Resources */,
				7BD4681D206D0E8A00B9F2AD /* indoornavi.js in Resources */,
				7BD467EF206D0E8A00B9F2AD /* Area.html in Resources */,
				7BD4681F206D0E8A00B9F2AD /* coordinates.js in Resources */,
				7BD467EB206D0E8A00B9F2AD /* modules.xml in Resources */,
				7BD467EE206D0E8A00B9F2AD /* indoornavi_api.iml in Resources */,
				7BD46800206D0E8A00B9F2AD /* OpenSans-LightItalic-webfont.woff in Resources */,
			);
			runOnlyForDeploymentPostprocessing = 0;
		};
		7BD4676B206CF34A00B9F2AD /* Resources */ = {
			isa = PBXResourcesBuildPhase;
			buildActionMask = 2147483647;
			files = (
			);
			runOnlyForDeploymentPostprocessing = 0;
		};
/* End PBXResourcesBuildPhase section */

/* Begin PBXShellScriptBuildPhase section */
		2659A636D4B57A4E3AE27AAF /* [CP] Check Pods Manifest.lock */ = {
			isa = PBXShellScriptBuildPhase;
			buildActionMask = 2147483647;
			files = (
			);
			inputPaths = (
				"${PODS_PODFILE_DIR_PATH}/Podfile.lock",
				"${PODS_ROOT}/Manifest.lock",
			);
			name = "[CP] Check Pods Manifest.lock";
			outputPaths = (
				"$(DERIVED_FILE_DIR)/Pods-IndoorNavi-checkManifestLockResult.txt",
			);
			runOnlyForDeploymentPostprocessing = 0;
			shellPath = /bin/sh;
			shellScript = "diff \"${PODS_PODFILE_DIR_PATH}/Podfile.lock\" \"${PODS_ROOT}/Manifest.lock\" > /dev/null\nif [ $? != 0 ] ; then\n    # print error to STDERR\n    echo \"error: The sandbox is not in sync with the Podfile.lock. Run 'pod install' or update your CocoaPods installation.\" >&2\n    exit 1\nfi\n# This output is used by Xcode 'outputs' to avoid re-running this script phase.\necho \"SUCCESS\" > \"${SCRIPT_OUTPUT_FILE_0}\"\n";
			showEnvVarsInLog = 0;
		};
		38915DF8DE059FCC9A71BF01 /* [CP] Embed Pods Frameworks */ = {
			isa = PBXShellScriptBuildPhase;
			buildActionMask = 2147483647;
			files = (
			);
			inputPaths = (
				"${SRCROOT}/Pods/Target Support Files/Pods-IndoorNaviTests/Pods-IndoorNaviTests-frameworks.sh",
				"${BUILT_PRODUCTS_DIR}/GCDWebServer/GCDWebServer.framework",
			);
			name = "[CP] Embed Pods Frameworks";
			outputPaths = (
				"${TARGET_BUILD_DIR}/${FRAMEWORKS_FOLDER_PATH}/GCDWebServer.framework",
			);
			runOnlyForDeploymentPostprocessing = 0;
			shellPath = /bin/sh;
			shellScript = "\"${SRCROOT}/Pods/Target Support Files/Pods-IndoorNaviTests/Pods-IndoorNaviTests-frameworks.sh\"\n";
			showEnvVarsInLog = 0;
		};
		9BB7CDC088B48F7213C4A8C1 /* [CP] Copy Pods Resources */ = {
			isa = PBXShellScriptBuildPhase;
			buildActionMask = 2147483647;
			files = (
			);
			inputPaths = (
				"${SRCROOT}/Pods/Target Support Files/Pods-IndoorNavi/Pods-IndoorNavi-resources.sh",
				"${PODS_ROOT}/GoogleMaps/Maps/Frameworks/GoogleMaps.framework/Resources/GoogleMaps.bundle",
			);
			name = "[CP] Copy Pods Resources";
			outputPaths = (
				"${TARGET_BUILD_DIR}/${UNLOCALIZED_RESOURCES_FOLDER_PATH}/GoogleMaps.bundle",
			);
			runOnlyForDeploymentPostprocessing = 0;
			shellPath = /bin/sh;
			shellScript = "\"${SRCROOT}/Pods/Target Support Files/Pods-IndoorNavi/Pods-IndoorNavi-resources.sh\"\n";
			showEnvVarsInLog = 0;
		};
		A439F9E6687D512E499D36F3 /* [CP] Copy Pods Resources */ = {
			isa = PBXShellScriptBuildPhase;
			buildActionMask = 2147483647;
			files = (
			);
			inputPaths = (
				"${SRCROOT}/Pods/Target Support Files/Pods-IndoorNaviTests/Pods-IndoorNaviTests-resources.sh",
				"${PODS_ROOT}/GoogleMaps/Maps/Frameworks/GoogleMaps.framework/Resources/GoogleMaps.bundle",
			);
			name = "[CP] Copy Pods Resources";
			outputPaths = (
				"${TARGET_BUILD_DIR}/${UNLOCALIZED_RESOURCES_FOLDER_PATH}/GoogleMaps.bundle",
			);
			runOnlyForDeploymentPostprocessing = 0;
			shellPath = /bin/sh;
			shellScript = "\"${SRCROOT}/Pods/Target Support Files/Pods-IndoorNaviTests/Pods-IndoorNaviTests-resources.sh\"\n";
			showEnvVarsInLog = 0;
		};
		F940D1EFC4B41BC1059E9C46 /* [CP] Check Pods Manifest.lock */ = {
			isa = PBXShellScriptBuildPhase;
			buildActionMask = 2147483647;
			files = (
			);
			inputPaths = (
				"${PODS_PODFILE_DIR_PATH}/Podfile.lock",
				"${PODS_ROOT}/Manifest.lock",
			);
			name = "[CP] Check Pods Manifest.lock";
			outputPaths = (
				"$(DERIVED_FILE_DIR)/Pods-IndoorNaviTests-checkManifestLockResult.txt",
			);
			runOnlyForDeploymentPostprocessing = 0;
			shellPath = /bin/sh;
			shellScript = "diff \"${PODS_PODFILE_DIR_PATH}/Podfile.lock\" \"${PODS_ROOT}/Manifest.lock\" > /dev/null\nif [ $? != 0 ] ; then\n    # print error to STDERR\n    echo \"error: The sandbox is not in sync with the Podfile.lock. Run 'pod install' or update your CocoaPods installation.\" >&2\n    exit 1\nfi\n# This output is used by Xcode 'outputs' to avoid re-running this script phase.\necho \"SUCCESS\" > \"${SCRIPT_OUTPUT_FILE_0}\"\n";
			showEnvVarsInLog = 0;
		};
/* End PBXShellScriptBuildPhase section */

/* Begin PBXSourcesBuildPhase section */
		7BD4675F206CF34A00B9F2AD /* Sources */ = {
			isa = PBXSourcesBuildPhase;
			buildActionMask = 2147483647;
			files = (
				7BD4679D206CF59500B9F2AD /* IndoorNavi.swift in Sources */,
			);
			runOnlyForDeploymentPostprocessing = 0;
		};
		7BD46769206CF34A00B9F2AD /* Sources */ = {
			isa = PBXSourcesBuildPhase;
			buildActionMask = 2147483647;
			files = (
				7BD46773206CF34A00B9F2AD /* IndoorNaviTests.swift in Sources */,
			);
			runOnlyForDeploymentPostprocessing = 0;
		};
/* End PBXSourcesBuildPhase section */

/* Begin PBXTargetDependency section */
		7BD46770206CF34A00B9F2AD /* PBXTargetDependency */ = {
			isa = PBXTargetDependency;
			target = 7BD46763206CF34A00B9F2AD /* IndoorNavi */;
			targetProxy = 7BD4676F206CF34A00B9F2AD /* PBXContainerItemProxy */;
		};
/* End PBXTargetDependency section */

/* Begin XCBuildConfiguration section */
		7BD46776206CF34A00B9F2AD /* Debug */ = {
			isa = XCBuildConfiguration;
			buildSettings = {
				ALWAYS_SEARCH_USER_PATHS = NO;
				CLANG_ANALYZER_NONNULL = YES;
				CLANG_ANALYZER_NUMBER_OBJECT_CONVERSION = YES_AGGRESSIVE;
				CLANG_CXX_LANGUAGE_STANDARD = "gnu++14";
				CLANG_CXX_LIBRARY = "libc++";
				CLANG_ENABLE_MODULES = YES;
				CLANG_ENABLE_OBJC_ARC = YES;
				CLANG_WARN_BLOCK_CAPTURE_AUTORELEASING = YES;
				CLANG_WARN_BOOL_CONVERSION = YES;
				CLANG_WARN_COMMA = YES;
				CLANG_WARN_CONSTANT_CONVERSION = YES;
				CLANG_WARN_DIRECT_OBJC_ISA_USAGE = YES_ERROR;
				CLANG_WARN_DOCUMENTATION_COMMENTS = YES;
				CLANG_WARN_EMPTY_BODY = YES;
				CLANG_WARN_ENUM_CONVERSION = YES;
				CLANG_WARN_INFINITE_RECURSION = YES;
				CLANG_WARN_INT_CONVERSION = YES;
				CLANG_WARN_NON_LITERAL_NULL_CONVERSION = YES;
				CLANG_WARN_OBJC_LITERAL_CONVERSION = YES;
				CLANG_WARN_OBJC_ROOT_CLASS = YES_ERROR;
				CLANG_WARN_RANGE_LOOP_ANALYSIS = YES;
				CLANG_WARN_STRICT_PROTOTYPES = YES;
				CLANG_WARN_SUSPICIOUS_MOVE = YES;
				CLANG_WARN_UNGUARDED_AVAILABILITY = YES_AGGRESSIVE;
				CLANG_WARN_UNREACHABLE_CODE = YES;
				CLANG_WARN__DUPLICATE_METHOD_MATCH = YES;
				CODE_SIGN_IDENTITY = "iPhone Developer";
				COPY_PHASE_STRIP = NO;
				CURRENT_PROJECT_VERSION = 1;
				DEBUG_INFORMATION_FORMAT = dwarf;
				ENABLE_STRICT_OBJC_MSGSEND = YES;
				ENABLE_TESTABILITY = YES;
				GCC_C_LANGUAGE_STANDARD = gnu11;
				GCC_DYNAMIC_NO_PIC = NO;
				GCC_NO_COMMON_BLOCKS = YES;
				GCC_OPTIMIZATION_LEVEL = 0;
				GCC_PREPROCESSOR_DEFINITIONS = (
					"DEBUG=1",
					"$(inherited)",
				);
				GCC_WARN_64_TO_32_BIT_CONVERSION = YES;
				GCC_WARN_ABOUT_RETURN_TYPE = YES_ERROR;
				GCC_WARN_UNDECLARED_SELECTOR = YES;
				GCC_WARN_UNINITIALIZED_AUTOS = YES_AGGRESSIVE;
				GCC_WARN_UNUSED_FUNCTION = YES;
				GCC_WARN_UNUSED_VARIABLE = YES;
				IPHONEOS_DEPLOYMENT_TARGET = 11.2;
				MTL_ENABLE_DEBUG_INFO = YES;
				ONLY_ACTIVE_ARCH = YES;
				SDKROOT = iphoneos;
				SWIFT_ACTIVE_COMPILATION_CONDITIONS = DEBUG;
				SWIFT_OPTIMIZATION_LEVEL = "-Onone";
				VERSIONING_SYSTEM = "apple-generic";
				VERSION_INFO_PREFIX = "";
			};
			name = Debug;
		};
		7BD46777206CF34A00B9F2AD /* Release */ = {
			isa = XCBuildConfiguration;
			buildSettings = {
				ALWAYS_SEARCH_USER_PATHS = NO;
				CLANG_ANALYZER_NONNULL = YES;
				CLANG_ANALYZER_NUMBER_OBJECT_CONVERSION = YES_AGGRESSIVE;
				CLANG_CXX_LANGUAGE_STANDARD = "gnu++14";
				CLANG_CXX_LIBRARY = "libc++";
				CLANG_ENABLE_MODULES = YES;
				CLANG_ENABLE_OBJC_ARC = YES;
				CLANG_WARN_BLOCK_CAPTURE_AUTORELEASING = YES;
				CLANG_WARN_BOOL_CONVERSION = YES;
				CLANG_WARN_COMMA = YES;
				CLANG_WARN_CONSTANT_CONVERSION = YES;
				CLANG_WARN_DIRECT_OBJC_ISA_USAGE = YES_ERROR;
				CLANG_WARN_DOCUMENTATION_COMMENTS = YES;
				CLANG_WARN_EMPTY_BODY = YES;
				CLANG_WARN_ENUM_CONVERSION = YES;
				CLANG_WARN_INFINITE_RECURSION = YES;
				CLANG_WARN_INT_CONVERSION = YES;
				CLANG_WARN_NON_LITERAL_NULL_CONVERSION = YES;
				CLANG_WARN_OBJC_LITERAL_CONVERSION = YES;
				CLANG_WARN_OBJC_ROOT_CLASS = YES_ERROR;
				CLANG_WARN_RANGE_LOOP_ANALYSIS = YES;
				CLANG_WARN_STRICT_PROTOTYPES = YES;
				CLANG_WARN_SUSPICIOUS_MOVE = YES;
				CLANG_WARN_UNGUARDED_AVAILABILITY = YES_AGGRESSIVE;
				CLANG_WARN_UNREACHABLE_CODE = YES;
				CLANG_WARN__DUPLICATE_METHOD_MATCH = YES;
				CODE_SIGN_IDENTITY = "iPhone Developer";
				COPY_PHASE_STRIP = NO;
				CURRENT_PROJECT_VERSION = 1;
				DEBUG_INFORMATION_FORMAT = "dwarf-with-dsym";
				ENABLE_NS_ASSERTIONS = NO;
				ENABLE_STRICT_OBJC_MSGSEND = YES;
				GCC_C_LANGUAGE_STANDARD = gnu11;
				GCC_NO_COMMON_BLOCKS = YES;
				GCC_WARN_64_TO_32_BIT_CONVERSION = YES;
				GCC_WARN_ABOUT_RETURN_TYPE = YES_ERROR;
				GCC_WARN_UNDECLARED_SELECTOR = YES;
				GCC_WARN_UNINITIALIZED_AUTOS = YES_AGGRESSIVE;
				GCC_WARN_UNUSED_FUNCTION = YES;
				GCC_WARN_UNUSED_VARIABLE = YES;
				IPHONEOS_DEPLOYMENT_TARGET = 11.2;
				MTL_ENABLE_DEBUG_INFO = NO;
				SDKROOT = iphoneos;
				SWIFT_OPTIMIZATION_LEVEL = "-Owholemodule";
				VALIDATE_PRODUCT = YES;
				VERSIONING_SYSTEM = "apple-generic";
				VERSION_INFO_PREFIX = "";
			};
			name = Release;
		};
		7BD46779206CF34A00B9F2AD /* Debug */ = {
			isa = XCBuildConfiguration;
			baseConfigurationReference = 7C0FCB942B663F100F26A53A /* Pods-IndoorNavi.debug.xcconfig */;
			buildSettings = {
				CLANG_ENABLE_MODULES = YES;
				CODE_SIGN_IDENTITY = "";
				CODE_SIGN_STYLE = Automatic;
				DEFINES_MODULE = YES;
				DEVELOPMENT_TEAM = N825MANMLC;
				DYLIB_COMPATIBILITY_VERSION = 1;
				DYLIB_CURRENT_VERSION = 1;
				DYLIB_INSTALL_NAME_BASE = "@rpath";
				INFOPLIST_FILE = IndoorNavi/Info.plist;
				INSTALL_PATH = "$(LOCAL_LIBRARY_DIR)/Frameworks";
				LD_RUNPATH_SEARCH_PATHS = "$(inherited) @executable_path/Frameworks @loader_path/Frameworks";
				PRODUCT_BUNDLE_IDENTIFIER = co.blastlab.IndoorNavi;
				PRODUCT_NAME = "$(TARGET_NAME:c99extidentifier)";
				SKIP_INSTALL = YES;
				SWIFT_OBJC_BRIDGING_HEADER = "";
				SWIFT_OPTIMIZATION_LEVEL = "-Onone";
				SWIFT_VERSION = 4.0;
				TARGETED_DEVICE_FAMILY = "1,2";
			};
			name = Debug;
		};
		7BD4677A206CF34A00B9F2AD /* Release */ = {
			isa = XCBuildConfiguration;
			baseConfigurationReference = 874219EFD7BB7C3FC2480821 /* Pods-IndoorNavi.release.xcconfig */;
			buildSettings = {
				CLANG_ENABLE_MODULES = YES;
				CODE_SIGN_IDENTITY = "";
				CODE_SIGN_STYLE = Automatic;
				DEFINES_MODULE = YES;
				DEVELOPMENT_TEAM = N825MANMLC;
				DYLIB_COMPATIBILITY_VERSION = 1;
				DYLIB_CURRENT_VERSION = 1;
				DYLIB_INSTALL_NAME_BASE = "@rpath";
				INFOPLIST_FILE = IndoorNavi/Info.plist;
				INSTALL_PATH = "$(LOCAL_LIBRARY_DIR)/Frameworks";
				LD_RUNPATH_SEARCH_PATHS = "$(inherited) @executable_path/Frameworks @loader_path/Frameworks";
				PRODUCT_BUNDLE_IDENTIFIER = co.blastlab.IndoorNavi;
				PRODUCT_NAME = "$(TARGET_NAME:c99extidentifier)";
				SKIP_INSTALL = YES;
				SWIFT_OBJC_BRIDGING_HEADER = "";
				SWIFT_VERSION = 4.0;
				TARGETED_DEVICE_FAMILY = "1,2";
			};
			name = Release;
		};
		7BD4677C206CF34A00B9F2AD /* Debug */ = {
			isa = XCBuildConfiguration;
			baseConfigurationReference = 927E341C05271CA85EA9D3A1 /* Pods-IndoorNaviTests.debug.xcconfig */;
			buildSettings = {
				ALWAYS_EMBED_SWIFT_STANDARD_LIBRARIES = YES;
				CODE_SIGN_STYLE = Automatic;
				DEVELOPMENT_TEAM = N825MANMLC;
				INFOPLIST_FILE = IndoorNaviTests/Info.plist;
				LD_RUNPATH_SEARCH_PATHS = "$(inherited) @executable_path/Frameworks @loader_path/Frameworks";
				PRODUCT_BUNDLE_IDENTIFIER = co.blastlab.IndoorNaviTests;
				PRODUCT_NAME = "$(TARGET_NAME)";
				SWIFT_VERSION = 4.0;
				TARGETED_DEVICE_FAMILY = "1,2";
			};
			name = Debug;
		};
		7BD4677D206CF34A00B9F2AD /* Release */ = {
			isa = XCBuildConfiguration;
			baseConfigurationReference = D1546D1EBB55FA9CC9122AA2 /* Pods-IndoorNaviTests.release.xcconfig */;
			buildSettings = {
				ALWAYS_EMBED_SWIFT_STANDARD_LIBRARIES = YES;
				CODE_SIGN_STYLE = Automatic;
				DEVELOPMENT_TEAM = N825MANMLC;
				INFOPLIST_FILE = IndoorNaviTests/Info.plist;
				LD_RUNPATH_SEARCH_PATHS = "$(inherited) @executable_path/Frameworks @loader_path/Frameworks";
				PRODUCT_BUNDLE_IDENTIFIER = co.blastlab.IndoorNaviTests;
				PRODUCT_NAME = "$(TARGET_NAME)";
				SWIFT_VERSION = 4.0;
				TARGETED_DEVICE_FAMILY = "1,2";
			};
			name = Release;
		};
/* End XCBuildConfiguration section */

/* Begin XCConfigurationList section */
		7BD4675E206CF34A00B9F2AD /* Build configuration list for PBXProject "IndoorNavi" */ = {
			isa = XCConfigurationList;
			buildConfigurations = (
				7BD46776206CF34A00B9F2AD /* Debug */,
				7BD46777206CF34A00B9F2AD /* Release */,
			);
			defaultConfigurationIsVisible = 0;
			defaultConfigurationName = Release;
		};
		7BD46778206CF34A00B9F2AD /* Build configuration list for PBXNativeTarget "IndoorNavi" */ = {
			isa = XCConfigurationList;
			buildConfigurations = (
				7BD46779206CF34A00B9F2AD /* Debug */,
				7BD4677A206CF34A00B9F2AD /* Release */,
			);
			defaultConfigurationIsVisible = 0;
			defaultConfigurationName = Release;
		};
		7BD4677B206CF34A00B9F2AD /* Build configuration list for PBXNativeTarget "IndoorNaviTests" */ = {
			isa = XCConfigurationList;
			buildConfigurations = (
				7BD4677C206CF34A00B9F2AD /* Debug */,
				7BD4677D206CF34A00B9F2AD /* Release */,
			);
			defaultConfigurationIsVisible = 0;
			defaultConfigurationName = Release;
		};
/* End XCConfigurationList section */
	};
	rootObject = 7BD4675B206CF34A00B9F2AD /* Project object */;
}
